// !$*UTF8*$!
{
	archiveVersion = 1;
	classes = {
	};
	objectVersion = 56;
	objects = {

/* Begin PBXBuildFile section */
		C78FA3642953B87E0043C493 /* AppDelegate.swift in Sources */ = {isa = PBXBuildFile; fileRef = C78FA3632953B87E0043C493 /* AppDelegate.swift */; };
		C78FA3662953B87E0043C493 /* SceneDelegate.swift in Sources */ = {isa = PBXBuildFile; fileRef = C78FA3652953B87E0043C493 /* SceneDelegate.swift */; };
		C78FA3682953B87E0043C493 /* ViewController.swift in Sources */ = {isa = PBXBuildFile; fileRef = C78FA3672953B87E0043C493 /* ViewController.swift */; };
		C78FA36B2953B87E0043C493 /* Main.storyboard in Resources */ = {isa = PBXBuildFile; fileRef = C78FA3692953B87E0043C493 /* Main.storyboard */; };
		C78FA36D2953B87F0043C493 /* Assets.xcassets in Resources */ = {isa = PBXBuildFile; fileRef = C78FA36C2953B87F0043C493 /* Assets.xcassets */; };
		C78FA3702953B87F0043C493 /* LaunchScreen.storyboard in Resources */ = {isa = PBXBuildFile; fileRef = C78FA36E2953B87F0043C493 /* LaunchScreen.storyboard */; };
		C78FA37A2953B9220043C493 /* ArcGIS.xcframework in Frameworks */ = {isa = PBXBuildFile; fileRef = C78FA3782953B9220043C493 /* ArcGIS.xcframework */; };
		C78FA37B2953B9220043C493 /* ArcGIS.xcframework in Embed Frameworks */ = {isa = PBXBuildFile; fileRef = C78FA3782953B9220043C493 /* ArcGIS.xcframework */; settings = {ATTRIBUTES = (CodeSignOnCopy, RemoveHeadersOnCopy, ); }; };
		C78FA37C2953B9220043C493 /* Runtimecore.xcframework in Frameworks */ = {isa = PBXBuildFile; fileRef = C78FA3792953B9220043C493 /* Runtimecore.xcframework */; };
		C78FA37D2953B9220043C493 /* Runtimecore.xcframework in Embed Frameworks */ = {isa = PBXBuildFile; fileRef = C78FA3792953B9220043C493 /* Runtimecore.xcframework */; settings = {ATTRIBUTES = (CodeSignOnCopy, RemoveHeadersOnCopy, ); }; };
/* End PBXBuildFile section */

/* Begin PBXCopyFilesBuildPhase section */
		C78FA37E2953B9220043C493 /* Embed Frameworks */ = {
			isa = PBXCopyFilesBuildPhase;
			buildActionMask = 2147483647;
			dstPath = "";
			dstSubfolderSpec = 10;
			files = (
				C78FA37B2953B9220043C493 /* ArcGIS.xcframework in Embed Frameworks */,
				C78FA37D2953B9220043C493 /* Runtimecore.xcframework in Embed Frameworks */,
			);
			name = "Embed Frameworks";
			runOnlyForDeploymentPostprocessing = 0;
		};
/* End PBXCopyFilesBuildPhase section */

/* Begin PBXFileReference section */
		C78FA3602953B87E0043C493 /* selection-poc.app */ = {isa = PBXFileReference; explicitFileType = wrapper.application; includeInIndex = 0; path = "selection-poc.app"; sourceTree = BUILT_PRODUCTS_DIR; };
		C78FA3632953B87E0043C493 /* AppDelegate.swift */ = {isa = PBXFileReference; lastKnownFileType = sourcecode.swift; path = AppDelegate.swift; sourceTree = "<group>"; };
		C78FA3652953B87E0043C493 /* SceneDelegate.swift */ = {isa = PBXFileReference; lastKnownFileType = sourcecode.swift; path = SceneDelegate.swift; sourceTree = "<group>"; };
		C78FA3672953B87E0043C493 /* ViewController.swift */ = {isa = PBXFileReference; lastKnownFileType = sourcecode.swift; path = ViewController.swift; sourceTree = "<group>"; };
		C78FA36A2953B87E0043C493 /* Base */ = {isa = PBXFileReference; lastKnownFileType = file.storyboard; name = Base; path = Base.lproj/Main.storyboard; sourceTree = "<group>"; };
		C78FA36C2953B87F0043C493 /* Assets.xcassets */ = {isa = PBXFileReference; lastKnownFileType = folder.assetcatalog; path = Assets.xcassets; sourceTree = "<group>"; };
		C78FA36F2953B87F0043C493 /* Base */ = {isa = PBXFileReference; lastKnownFileType = file.storyboard; name = Base; path = Base.lproj/LaunchScreen.storyboard; sourceTree = "<group>"; };
		C78FA3712953B87F0043C493 /* Info.plist */ = {isa = PBXFileReference; lastKnownFileType = text.plist.xml; path = Info.plist; sourceTree = "<group>"; };
		C78FA3782953B9220043C493 /* ArcGIS.xcframework */ = {isa = PBXFileReference; lastKnownFileType = wrapper.xcframework; name = ArcGIS.xcframework; path = ../../../Library/SDKs/ArcGIS/Frameworks/ArcGIS.xcframework; sourceTree = "<group>"; };
		C78FA3792953B9220043C493 /* Runtimecore.xcframework */ = {isa = PBXFileReference; lastKnownFileType = wrapper.xcframework; name = Runtimecore.xcframework; path = ../../../Library/SDKs/ArcGIS/Frameworks/Runtimecore.xcframework; sourceTree = "<group>"; };
/* End PBXFileReference section */

/* Begin PBXFrameworksBuildPhase section */
		C78FA35D2953B87E0043C493 /* Frameworks */ = {
			isa = PBXFrameworksBuildPhase;
			buildActionMask = 2147483647;
			files = (
				C78FA37A2953B9220043C493 /* ArcGIS.xcframework in Frameworks */,
				C78FA37C2953B9220043C493 /* Runtimecore.xcframework in Frameworks */,
			);
			runOnlyForDeploymentPostprocessing = 0;
		};
/* End PBXFrameworksBuildPhase section */

/* Begin PBXGroup section */
		C78FA3572953B87E0043C493 = {
			isa = PBXGroup;
			children = (
				C78FA3622953B87E0043C493 /* selection-poc */,
				C78FA3612953B87E0043C493 /* Products */,
				C78FA3772953B9220043C493 /* Frameworks */,
			);
			sourceTree = "<group>";
		};
		C78FA3612953B87E0043C493 /* Products */ = {
			isa = PBXGroup;
			children = (
				C78FA3602953B87E0043C493 /* selection-poc.app */,
			);
			name = Products;
			sourceTree = "<group>";
		};
		C78FA3622953B87E0043C493 /* selection-poc */ = {
			isa = PBXGroup;
			children = (
				C78FA3632953B87E0043C493 /* AppDelegate.swift */,
				C78FA3652953B87E0043C493 /* SceneDelegate.swift */,
				C78FA3672953B87E0043C493 /* ViewController.swift */,
				C78FA3692953B87E0043C493 /* Main.storyboard */,
				C78FA36C2953B87F0043C493 /* Assets.xcassets */,
				C78FA36E2953B87F0043C493 /* LaunchScreen.storyboard */,
				C78FA3712953B87F0043C493 /* Info.plist */,
			);
			path = "selection-poc";
			sourceTree = "<group>";
		};
		C78FA3772953B9220043C493 /* Frameworks */ = {
			isa = PBXGroup;
			children = (
				C78FA3782953B9220043C493 /* ArcGIS.xcframework */,
				C78FA3792953B9220043C493 /* Runtimecore.xcframework */,
			);
			name = Frameworks;
			sourceTree = "<group>";
		};
/* End PBXGroup section */

/* Begin PBXNativeTarget section */
		C78FA35F2953B87E0043C493 /* selection-poc */ = {
			isa = PBXNativeTarget;
			buildConfigurationList = C78FA3742953B87F0043C493 /* Build configuration list for PBXNativeTarget "selection-poc" */;
			buildPhases = (
				C78FA35C2953B87E0043C493 /* Sources */,
				C78FA35D2953B87E0043C493 /* Frameworks */,
				C78FA35E2953B87E0043C493 /* Resources */,
				C78FA37E2953B9220043C493 /* Embed Frameworks */,
			);
			buildRules = (
			);
			dependencies = (
			);
			name = "selection-poc";
			productName = "selection-poc";
			productReference = C78FA3602953B87E0043C493 /* selection-poc.app */;
			productType = "com.apple.product-type.application";
		};
/* End PBXNativeTarget section */

/* Begin PBXProject section */
		C78FA3582953B87E0043C493 /* Project object */ = {
			isa = PBXProject;
			attributes = {
				BuildIndependentTargetsInParallel = 1;
				LastSwiftUpdateCheck = 1410;
				LastUpgradeCheck = 1410;
				TargetAttributes = {
					C78FA35F2953B87E0043C493 = {
						CreatedOnToolsVersion = 14.1;
					};
				};
			};
			buildConfigurationList = C78FA35B2953B87E0043C493 /* Build configuration list for PBXProject "selection-poc" */;
			compatibilityVersion = "Xcode 14.0";
			developmentRegion = en;
			hasScannedForEncodings = 0;
			knownRegions = (
				en,
				Base,
			);
			mainGroup = C78FA3572953B87E0043C493;
			productRefGroup = C78FA3612953B87E0043C493 /* Products */;
			projectDirPath = "";
			projectRoot = "";
			targets = (
				C78FA35F2953B87E0043C493 /* selection-poc */,
			);
		};
/* End PBXProject section */

/* Begin PBXResourcesBuildPhase section */
		C78FA35E2953B87E0043C493 /* Resources */ = {
			isa = PBXResourcesBuildPhase;
			buildActionMask = 2147483647;
			files = (
				C78FA3702953B87F0043C493 /* LaunchScreen.storyboard in Resources */,
				C78FA36D2953B87F0043C493 /* Assets.xcassets in Resources */,
				C78FA36B2953B87E0043C493 /* Main.storyboard in Resources */,
			);
			runOnlyForDeploymentPostprocessing = 0;
		};
/* End PBXResourcesBuildPhase section */

/* Begin PBXSourcesBuildPhase section */
		C78FA35C2953B87E0043C493 /* Sources */ = {
			isa = PBXSourcesBuildPhase;
			buildActionMask = 2147483647;
			files = (
				C78FA3682953B87E0043C493 /* ViewController.swift in Sources */,
				C78FA3642953B87E0043C493 /* AppDelegate.swift in Sources */,
				C78FA3662953B87E0043C493 /* SceneDelegate.swift in Sources */,
			);
			runOnlyForDeploymentPostprocessing = 0;
		};
/* End PBXSourcesBuildPhase section */

/* Begin PBXVariantGroup section */
		C78FA3692953B87E0043C493 /* Main.storyboard */ = {
			isa = PBXVariantGroup;
			children = (
				C78FA36A2953B87E0043C493 /* Base */,
			);
			name = Main.storyboard;
			sourceTree = "<group>";
		};
		C78FA36E2953B87F0043C493 /* LaunchScreen.storyboard */ = {
			isa = PBXVariantGroup;
			children = (
				C78FA36F2953B87F0043C493 /* Base */,
			);
			name = LaunchScreen.storyboard;
			sourceTree = "<group>";
		};
/* End PBXVariantGroup section */

/* Begin XCBuildConfiguration section */
		C78FA3722953B87F0043C493 /* Debug */ = {
			isa = XCBuildConfiguration;
			buildSettings = {
				ALWAYS_SEARCH_USER_PATHS = NO;
				CLANG_ANALYZER_NONNULL = YES;
				CLANG_ANALYZER_NUMBER_OBJECT_CONVERSION = YES_AGGRESSIVE;
				CLANG_CXX_LANGUAGE_STANDARD = "gnu++20";
				CLANG_ENABLE_MODULES = YES;
				CLANG_ENABLE_OBJC_ARC = YES;
				CLANG_ENABLE_OBJC_WEAK = YES;
				CLANG_WARN_BLOCK_CAPTURE_AUTORELEASING = YES;
				CLANG_WARN_BOOL_CONVERSION = YES;
				CLANG_WARN_COMMA = YES;
				CLANG_WARN_CONSTANT_CONVERSION = YES;
				CLANG_WARN_DEPRECATED_OBJC_IMPLEMENTATIONS = YES;
				CLANG_WARN_DIRECT_OBJC_ISA_USAGE = YES_ERROR;
				CLANG_WARN_DOCUMENTATION_COMMENTS = YES;
				CLANG_WARN_EMPTY_BODY = YES;
				CLANG_WARN_ENUM_CONVERSION = YES;
				CLANG_WARN_INFINITE_RECURSION = YES;
				CLANG_WARN_INT_CONVERSION = YES;
				CLANG_WARN_NON_LITERAL_NULL_CONVERSION = YES;
				CLANG_WARN_OBJC_IMPLICIT_RETAIN_SELF = YES;
				CLANG_WARN_OBJC_LITERAL_CONVERSION = YES;
				CLANG_WARN_OBJC_ROOT_CLASS = YES_ERROR;
				CLANG_WARN_QUOTED_INCLUDE_IN_FRAMEWORK_HEADER = YES;
				CLANG_WARN_RANGE_LOOP_ANALYSIS = YES;
				CLANG_WARN_STRICT_PROTOTYPES = YES;
				CLANG_WARN_SUSPICIOUS_MOVE = YES;
				CLANG_WARN_UNGUARDED_AVAILABILITY = YES_AGGRESSIVE;
				CLANG_WARN_UNREACHABLE_CODE = YES;
				CLANG_WARN__DUPLICATE_METHOD_MATCH = YES;
				COPY_PHASE_STRIP = NO;
				DEBUG_INFORMATION_FORMAT = dwarf;
				ENABLE_STRICT_OBJC_MSGSEND = YES;
				ENABLE_TESTABILITY = YES;
				GCC_C_LANGUAGE_STANDARD = gnu11;
				GCC_DYNAMIC_NO_PIC = NO;
				GCC_NO_COMMON_BLOCKS = YES;
				GCC_OPTIMIZATION_LEVEL = 0;
				GCC_PREPROCESSOR_DEFINITIONS = (
					"DEBUG=1",
					"$(inherited)",
				);
				GCC_WARN_64_TO_32_BIT_CONVERSION = YES;
				GCC_WARN_ABOUT_RETURN_TYPE = YES_ERROR;
				GCC_WARN_UNDECLARED_SELECTOR = YES;
				GCC_WARN_UNINITIALIZED_AUTOS = YES_AGGRESSIVE;
				GCC_WARN_UNUSED_FUNCTION = YES;
				GCC_WARN_UNUSED_VARIABLE = YES;
				IPHONEOS_DEPLOYMENT_TARGET = 16.1;
				MTL_ENABLE_DEBUG_INFO = INCLUDE_SOURCE;
				MTL_FAST_MATH = YES;
				ONLY_ACTIVE_ARCH = YES;
				SDKROOT = iphoneos;
				SWIFT_ACTIVE_COMPILATION_CONDITIONS = DEBUG;
				SWIFT_OPTIMIZATION_LEVEL = "-Onone";
			};
			name = Debug;
		};
		C78FA3732953B87F0043C493 /* Release */ = {
			isa = XCBuildConfiguration;
			buildSettings = {
				ALWAYS_SEARCH_USER_PATHS = NO;
				CLANG_ANALYZER_NONNULL = YES;
				CLANG_ANALYZER_NUMBER_OBJECT_CONVERSION = YES_AGGRESSIVE;
				CLANG_CXX_LANGUAGE_STANDARD = "gnu++20";
				CLANG_ENABLE_MODULES = YES;
				CLANG_ENABLE_OBJC_ARC = YES;
				CLANG_ENABLE_OBJC_WEAK = YES;
				CLANG_WARN_BLOCK_CAPTURE_AUTORELEASING = YES;
				CLANG_WARN_BOOL_CONVERSION = YES;
				CLANG_WARN_COMMA = YES;
				CLANG_WARN_CONSTANT_CONVERSION = YES;
				CLANG_WARN_DEPRECATED_OBJC_IMPLEMENTATIONS = YES;
				CLANG_WARN_DIRECT_OBJC_ISA_USAGE = YES_ERROR;
				CLANG_WARN_DOCUMENTATION_COMMENTS = YES;
				CLANG_WARN_EMPTY_BODY = YES;
				CLANG_WARN_ENUM_CONVERSION = YES;
				CLANG_WARN_INFINITE_RECURSION = YES;
				CLANG_WARN_INT_CONVERSION = YES;
				CLANG_WARN_NON_LITERAL_NULL_CONVERSION = YES;
				CLANG_WARN_OBJC_IMPLICIT_RETAIN_SELF = YES;
				CLANG_WARN_OBJC_LITERAL_CONVERSION = YES;
				CLANG_WARN_OBJC_ROOT_CLASS = YES_ERROR;
				CLANG_WARN_QUOTED_INCLUDE_IN_FRAMEWORK_HEADER = YES;
				CLANG_WARN_RANGE_LOOP_ANALYSIS = YES;
				CLANG_WARN_STRICT_PROTOTYPES = YES;
				CLANG_WARN_SUSPICIOUS_MOVE = YES;
				CLANG_WARN_UNGUARDED_AVAILABILITY = YES_AGGRESSIVE;
				CLANG_WARN_UNREACHABLE_CODE = YES;
				CLANG_WARN__DUPLICATE_METHOD_MATCH = YES;
				COPY_PHASE_STRIP = NO;
				DEBUG_INFORMATION_FORMAT = "dwarf-with-dsym";
				ENABLE_NS_ASSERTIONS = NO;
				ENABLE_STRICT_OBJC_MSGSEND = YES;
				GCC_C_LANGUAGE_STANDARD = gnu11;
				GCC_NO_COMMON_BLOCKS = YES;
				GCC_WARN_64_TO_32_BIT_CONVERSION = YES;
				GCC_WARN_ABOUT_RETURN_TYPE = YES_ERROR;
				GCC_WARN_UNDECLARED_SELECTOR = YES;
				GCC_WARN_UNINITIALIZED_AUTOS = YES_AGGRESSIVE;
				GCC_WARN_UNUSED_FUNCTION = YES;
				GCC_WARN_UNUSED_VARIABLE = YES;
				IPHONEOS_DEPLOYMENT_TARGET = 16.1;
				MTL_ENABLE_DEBUG_INFO = NO;
				MTL_FAST_MATH = YES;
				SDKROOT = iphoneos;
				SWIFT_COMPILATION_MODE = wholemodule;
				SWIFT_OPTIMIZATION_LEVEL = "-O";
				VALIDATE_PRODUCT = YES;
			};
			name = Release;
		};
		C78FA3752953B87F0043C493 /* Debug */ = {
			isa = XCBuildConfiguration;
			buildSettings = {
				ASSETCATALOG_COMPILER_APPICON_NAME = AppIcon;
				ASSETCATALOG_COMPILER_GLOBAL_ACCENT_COLOR_NAME = AccentColor;
				CODE_SIGN_STYLE = Automatic;
				CURRENT_PROJECT_VERSION = 1;
				GENERATE_INFOPLIST_FILE = YES;
				INFOPLIST_FILE = "selection-poc/Info.plist";
				INFOPLIST_KEY_UIApplicationSupportsIndirectInputEvents = YES;
				INFOPLIST_KEY_UILaunchStoryboardName = LaunchScreen;
				INFOPLIST_KEY_UIMainStoryboardFile = Main;
				INFOPLIST_KEY_UISupportedInterfaceOrientations_iPad = "UIInterfaceOrientationPortrait UIInterfaceOrientationPortraitUpsideDown UIInterfaceOrientationLandscapeLeft UIInterfaceOrientationLandscapeRight";
				INFOPLIST_KEY_UISupportedInterfaceOrientations_iPhone = "UIInterfaceOrientationPortrait UIInterfaceOrientationLandscapeLeft UIInterfaceOrientationLandscapeRight";
				LD_RUNPATH_SEARCH_PATHS = (
					"$(inherited)",
					"@executable_path/Frameworks",
				);
				MARKETING_VERSION = 1.0;
				PRODUCT_BUNDLE_IDENTIFIER = "xcel.selection-poc";
				PRODUCT_NAME = "$(TARGET_NAME)";
				SWIFT_EMIT_LOC_STRINGS = YES;
				SWIFT_VERSION = 5.0;
				TARGETED_DEVICE_FAMILY = "1,2";
			};
			name = Debug;
		};
		C78FA3762953B87F0043C493 /* Release */ = {
			isa = XCBuildConfiguration;
			buildSettings = {
				ASSETCATALOG_COMPILER_APPICON_NAME = AppIcon;
				ASSETCATALOG_COMPILER_GLOBAL_ACCENT_COLOR_NAME = AccentColor;
				CODE_SIGN_STYLE = Automatic;
				CURRENT_PROJECT_VERSION = 1;
				GENERATE_INFOPLIST_FILE = YES;
				INFOPLIST_FILE = "selection-poc/Info.plist";
				INFOPLIST_KEY_UIApplicationSupportsIndirectInputEvents = YES;
				INFOPLIST_KEY_UILaunchStoryboardName = LaunchScreen;
				INFOPLIST_KEY_UIMainStoryboardFile = Main;
				INFOPLIST_KEY_UISupportedInterfaceOrientations_iPad = "UIInterfaceOrientationPortrait UIInterfaceOrientationPortraitUpsideDown UIInterfaceOrientationLandscapeLeft UIInterfaceOrientationLandscapeRight";
				INFOPLIST_KEY_UISupportedInterfaceOrientations_iPhone = "UIInterfaceOrientationPortrait UIInterfaceOrientationLandscapeLeft UIInterfaceOrientationLandscapeRight";
				LD_RUNPATH_SEARCH_PATHS = (
					"$(inherited)",
					"@executable_path/Frameworks",
				);
				MARKETING_VERSION = 1.0;
				PRODUCT_BUNDLE_IDENTIFIER = "xcel.selection-poc";
				PRODUCT_NAME = "$(TARGET_NAME)";
				SWIFT_EMIT_LOC_STRINGS = YES;
				SWIFT_VERSION = 5.0;
				TARGETED_DEVICE_FAMILY = "1,2";
			};
			name = Release;
		};
/* End XCBuildConfiguration section */

/* Begin XCConfigurationList section */
		C78FA35B2953B87E0043C493 /* Build configuration list for PBXProject "selection-poc" */ = {
			isa = XCConfigurationList;
			buildConfigurations = (
				C78FA3722953B87F0043C493 /* Debug */,
				C78FA3732953B87F0043C493 /* Release */,
			);
			defaultConfigurationIsVisible = 0;
			defaultConfigurationName = Release;
		};
		C78FA3742953B87F0043C493 /* Build configuration list for PBXNativeTarget "selection-poc" */ = {
			isa = XCConfigurationList;
			buildConfigurations = (
				C78FA3752953B87F0043C493 /* Debug */,
				C78FA3762953B87F0043C493 /* Release */,
			);
			defaultConfigurationIsVisible = 0;
			defaultConfigurationName = Release;
		};
/* End XCConfigurationList section */
	};
	rootObject = C78FA3582953B87E0043C493 /* Project object */;
}
